
Microsoft Visual Studio Solution File, Format Version 12.00
# Visual Studio Version 16
VisualStudioVersion = 16.0.31205.134
MinimumVisualStudioVersion = 10.0.40219.1
Project("{FAE04EC0-301F-11D3-BF4B-00C04F79EFBC}") = "PlushkinForms.Android", "PlushkinForms\PlushkinForms.Android\PlushkinForms.Android.csproj", "{C7CD46A5-DEAA-4DB1-8EBA-32B30EC1F77B}"
EndProject
Project("{FAE04EC0-301F-11D3-BF4B-00C04F79EFBC}") = "PlushkinForms", "PlushkinForms\PlushkinForms\PlushkinForms.csproj", "{388F4AF7-E89C-4646-B080-066554C77121}"
EndProject
Global
	GlobalSection(SolutionConfigurationPlatforms) = preSolution
		Debug|Any CPU = Debug|Any CPU
		Release|Any CPU = Release|Any CPU
	EndGlobalSection
	GlobalSection(ProjectConfigurationPlatforms) = postSolution
		{C7CD46A5-DEAA-4DB1-8EBA-32B30EC1F77B}.Debug|Any CPU.ActiveCfg = Debug|Any CPU
		{C7CD46A5-DEAA-4DB1-8EBA-32B30EC1F77B}.Debug|Any CPU.Build.0 = Debug|Any CPU
		{C7CD46A5-DEAA-4DB1-8EBA-32B30EC1F77B}.Debug|Any CPU.Deploy.0 = Debug|Any CPU
		{C7CD46A5-DEAA-4DB1-8EBA-32B30EC1F77B}.Release|Any CPU.ActiveCfg = Release|Any CPU
		{C7CD46A5-DEAA-4DB1-8EBA-32B30EC1F77B}.Release|Any CPU.Build.0 = Release|Any CPU
		{C7CD46A5-DEAA-4DB1-8EBA-32B30EC1F77B}.Release|Any CPU.Deploy.0 = Release|Any CPU
		{388F4AF7-E89C-4646-B080-066554C77121}.Debug|Any CPU.ActiveCfg = Debug|Any CPU
		{388F4AF7-E89C-4646-B080-066554C77121}.Debug|Any CPU.Build.0 = Debug|Any CPU
		{388F4AF7-E89C-4646-B080-066554C77121}.Release|Any CPU.ActiveCfg = Release|Any CPU
		{388F4AF7-E89C-4646-B080-066554C77121}.Release|Any CPU.Build.0 = Release|Any CPU
	EndGlobalSection
	GlobalSection(SolutionProperties) = preSolution
		HideSolutionNode = FALSE
	EndGlobalSection
	GlobalSection(ExtensibilityGlobals) = postSolution
		SolutionGuid = {66FE4801-0C4C-4646-BB7E-10B091CADEDD}
	EndGlobalSection
EndGlobal
